
Microsoft Visual Studio Solution File, Format Version 12.00
# Visual Studio Version 17
VisualStudioVersion = 17.4.33213.308
MinimumVisualStudioVersion = 10.0.40219.1
Project("{9A19103F-16F7-4668-BE54-9A1E7A4F7556}") = "MusicControl", "MusicControl\MusicControl.csproj", "{34144CCF-56FA-420D-928D-A1D1AE02DF56}"
EndProject
Project("{9A19103F-16F7-4668-BE54-9A1E7A4F7556}") = "SighLanguage", "SighLanguage\SighLanguage.csproj", "{9887FD84-503F-4CDB-99C4-2CF1F7C7207B}"
EndProject
Project("{9A19103F-16F7-4668-BE54-9A1E7A4F7556}") = "BulbControl", "BulbControl\BulbControl.csproj", "{B2D964C3-8A41-43BD-86FC-A62ED52E3307}"
EndProject
Project("{9A19103F-16F7-4668-BE54-9A1E7A4F7556}") = "PowerPointControl", "PowerPointControl\PowerPointControl.csproj", "{192680BA-4828-4D84-85B2-7F16B8B3275A}"
EndProject
Project("{9A19103F-16F7-4668-BE54-9A1E7A4F7556}") = "UIControl", "UIControl\UIControl.csproj", "{82302805-6887-434A-A35B-B175AB59A3F6}"
	ProjectSection(ProjectDependencies) = postProject
		{419BB471-D332-4838-83EB-6BCE9EC22AAB} = {419BB471-D332-4838-83EB-6BCE9EC22AAB}
	EndProjectSection
EndProject
Project("{2150E333-8FDC-42A3-9474-1A3956D46DE8}") = "Solution Items", "Solution Items", "{6E5FBA76-F9AC-48AA-A052-B056B67DE427}"
	ProjectSection(SolutionItems) = preProject
		Exported-2023-11-25.vssettings = Exported-2023-11-25.vssettings
	EndProjectSection
EndProject
Project("{9A19103F-16F7-4668-BE54-9A1E7A4F7556}") = "MusicControlForm", "MusicControlForm\MusicControlForm.csproj", "{419BB471-D332-4838-83EB-6BCE9EC22AAB}"
EndProject
Project("{9A19103F-16F7-4668-BE54-9A1E7A4F7556}") = "PowerPointCForm", "PowerPointCForm\PowerPointCForm.csproj", "{B7251BB6-5B04-4C35-BD7F-0F85F72B33E0}"
EndProject
Project("{FAE04EC0-301F-11D3-BF4B-00C04F79EFBC}") = "AlphaControlForm", "AlphaControlForm\AlphaControlForm.csproj", "{8A191102-8442-4541-A91C-616F102B81DE}"
EndProject
Global
	GlobalSection(SolutionConfigurationPlatforms) = preSolution
		Debug|Any CPU = Debug|Any CPU
		Release|Any CPU = Release|Any CPU
	EndGlobalSection
	GlobalSection(ProjectConfigurationPlatforms) = postSolution
		{34144CCF-56FA-420D-928D-A1D1AE02DF56}.Debug|Any CPU.ActiveCfg = Debug|Any CPU
		{34144CCF-56FA-420D-928D-A1D1AE02DF56}.Debug|Any CPU.Build.0 = Debug|Any CPU
		{34144CCF-56FA-420D-928D-A1D1AE02DF56}.Release|Any CPU.ActiveCfg = Release|Any CPU
		{34144CCF-56FA-420D-928D-A1D1AE02DF56}.Release|Any CPU.Build.0 = Release|Any CPU
		{9887FD84-503F-4CDB-99C4-2CF1F7C7207B}.Debug|Any CPU.ActiveCfg = Debug|Any CPU
		{9887FD84-503F-4CDB-99C4-2CF1F7C7207B}.Debug|Any CPU.Build.0 = Debug|Any CPU
		{9887FD84-503F-4CDB-99C4-2CF1F7C7207B}.Release|Any CPU.ActiveCfg = Release|Any CPU
		{9887FD84-503F-4CDB-99C4-2CF1F7C7207B}.Release|Any CPU.Build.0 = Release|Any CPU
		{B2D964C3-8A41-43BD-86FC-A62ED52E3307}.Debug|Any CPU.ActiveCfg = Debug|Any CPU
		{B2D964C3-8A41-43BD-86FC-A62ED52E3307}.Debug|Any CPU.Build.0 = Debug|Any CPU
		{B2D964C3-8A41-43BD-86FC-A62ED52E3307}.Release|Any CPU.ActiveCfg = Release|Any CPU
		{B2D964C3-8A41-43BD-86FC-A62ED52E3307}.Release|Any CPU.Build.0 = Release|Any CPU
		{192680BA-4828-4D84-85B2-7F16B8B3275A}.Debug|Any CPU.ActiveCfg = Debug|Any CPU
		{192680BA-4828-4D84-85B2-7F16B8B3275A}.Debug|Any CPU.Build.0 = Debug|Any CPU
		{192680BA-4828-4D84-85B2-7F16B8B3275A}.Release|Any CPU.ActiveCfg = Release|Any CPU
		{192680BA-4828-4D84-85B2-7F16B8B3275A}.Release|Any CPU.Build.0 = Release|Any CPU
		{82302805-6887-434A-A35B-B175AB59A3F6}.Debug|Any CPU.ActiveCfg = Debug|Any CPU
		{82302805-6887-434A-A35B-B175AB59A3F6}.Debug|Any CPU.Build.0 = Debug|Any CPU
		{82302805-6887-434A-A35B-B175AB59A3F6}.Release|Any CPU.ActiveCfg = Release|Any CPU
		{82302805-6887-434A-A35B-B175AB59A3F6}.Release|Any CPU.Build.0 = Release|Any CPU
		{419BB471-D332-4838-83EB-6BCE9EC22AAB}.Debug|Any CPU.ActiveCfg = Debug|Any CPU
		{419BB471-D332-4838-83EB-6BCE9EC22AAB}.Debug|Any CPU.Build.0 = Debug|Any CPU
		{419BB471-D332-4838-83EB-6BCE9EC22AAB}.Release|Any CPU.ActiveCfg = Release|Any CPU
		{419BB471-D332-4838-83EB-6BCE9EC22AAB}.Release|Any CPU.Build.0 = Release|Any CPU
		{B7251BB6-5B04-4C35-BD7F-0F85F72B33E0}.Debug|Any CPU.ActiveCfg = Debug|Any CPU
		{B7251BB6-5B04-4C35-BD7F-0F85F72B33E0}.Debug|Any CPU.Build.0 = Debug|Any CPU
		{B7251BB6-5B04-4C35-BD7F-0F85F72B33E0}.Release|Any CPU.ActiveCfg = Release|Any CPU
		{B7251BB6-5B04-4C35-BD7F-0F85F72B33E0}.Release|Any CPU.Build.0 = Release|Any CPU
		{8A191102-8442-4541-A91C-616F102B81DE}.Debug|Any CPU.ActiveCfg = Debug|Any CPU
		{8A191102-8442-4541-A91C-616F102B81DE}.Debug|Any CPU.Build.0 = Debug|Any CPU
		{8A191102-8442-4541-A91C-616F102B81DE}.Release|Any CPU.ActiveCfg = Release|Any CPU
		{8A191102-8442-4541-A91C-616F102B81DE}.Release|Any CPU.Build.0 = Release|Any CPU
	EndGlobalSection
	GlobalSection(SolutionProperties) = preSolution
		HideSolutionNode = FALSE
	EndGlobalSection
	GlobalSection(ExtensibilityGlobals) = postSolution
		SolutionGuid = {52E060B6-1FAD-42A3-80BE-146C02A2F139}
	EndGlobalSection
EndGlobal
