
Microsoft Visual Studio Solution File, Format Version 12.00
# Visual Studio Version 17
VisualStudioVersion = 17.4.33213.308
MinimumVisualStudioVersion = 10.0.40219.1
Project("{9A19103F-16F7-4668-BE54-9A1E7A4F7556}") = "MusicControl", "MusicControl\MusicControl.csproj", "{34144CCF-56FA-420D-928D-A1D1AE02DF56}"
EndProject
Project("{9A19103F-16F7-4668-BE54-9A1E7A4F7556}") = "SighLanguage", "SighLanguage\SighLanguage.csproj", "{9887FD84-503F-4CDB-99C4-2CF1F7C7207B}"
EndProject
Global
	GlobalSection(SolutionConfigurationPlatforms) = preSolution
		Debug|Any CPU = Debug|Any CPU
		Release|Any CPU = Release|Any CPU
	EndGlobalSection
	GlobalSection(ProjectConfigurationPlatforms) = postSolution
		{34144CCF-56FA-420D-928D-A1D1AE02DF56}.Debug|Any CPU.ActiveCfg = Debug|Any CPU
		{34144CCF-56FA-420D-928D-A1D1AE02DF56}.Debug|Any CPU.Build.0 = Debug|Any CPU
		{34144CCF-56FA-420D-928D-A1D1AE02DF56}.Release|Any CPU.ActiveCfg = Release|Any CPU
		{34144CCF-56FA-420D-928D-A1D1AE02DF56}.Release|Any CPU.Build.0 = Release|Any CPU
		{9887FD84-503F-4CDB-99C4-2CF1F7C7207B}.Debug|Any CPU.ActiveCfg = Debug|Any CPU
		{9887FD84-503F-4CDB-99C4-2CF1F7C7207B}.Debug|Any CPU.Build.0 = Debug|Any CPU
		{9887FD84-503F-4CDB-99C4-2CF1F7C7207B}.Release|Any CPU.ActiveCfg = Release|Any CPU
		{9887FD84-503F-4CDB-99C4-2CF1F7C7207B}.Release|Any CPU.Build.0 = Release|Any CPU
	EndGlobalSection
	GlobalSection(SolutionProperties) = preSolution
		HideSolutionNode = FALSE
	EndGlobalSection
	GlobalSection(ExtensibilityGlobals) = postSolution
		SolutionGuid = {52E060B6-1FAD-42A3-80BE-146C02A2F139}
	EndGlobalSection
EndGlobal
